
Microsoft Visual Studio Solution File, Format Version 12.00
# Visual Studio Version 16
VisualStudioVersion = 16.0.30907.101
MinimumVisualStudioVersion = 10.0.40219.1
Project("{9A19103F-16F7-4668-BE54-9A1E7A4F7556}") = "exemple", "ConsoleApp4\exemple.csproj", "{27C92E2E-9777-4747-B1AE-68604EF509C5}"
EndProject
Global
	GlobalSection(SolutionConfigurationPlatforms) = preSolution
		Debug|Any CPU = Debug|Any CPU
		Release|Any CPU = Release|Any CPU
	EndGlobalSection
	GlobalSection(ProjectConfigurationPlatforms) = postSolution
		{27C92E2E-9777-4747-B1AE-68604EF509C5}.Debug|Any CPU.ActiveCfg = Debug|Any CPU
		{27C92E2E-9777-4747-B1AE-68604EF509C5}.Debug|Any CPU.Build.0 = Debug|Any CPU
		{27C92E2E-9777-4747-B1AE-68604EF509C5}.Release|Any CPU.ActiveCfg = Release|Any CPU
		{27C92E2E-9777-4747-B1AE-68604EF509C5}.Release|Any CPU.Build.0 = Release|Any CPU
	EndGlobalSection
	GlobalSection(SolutionProperties) = preSolution
		HideSolutionNode = FALSE
	EndGlobalSection
	GlobalSection(ExtensibilityGlobals) = postSolution
		SolutionGuid = {FBAFF09F-A772-448C-9340-61DC5ABB1B41}
	EndGlobalSection
EndGlobal
